
Microsoft Visual Studio Solution File, Format Version 12.00
# Visual Studio Version 17
VisualStudioVersion = 17.7.34221.43
MinimumVisualStudioVersion = 10.0.40219.1
Project("{FAE04EC0-301F-11D3-BF4B-00C04F79EFBC}") = "Project2", "Project2\Project2.csproj", "{A611062D-12CA-4738-BE44-C38774D66FEE}"
EndProject
Global
	GlobalSection(SolutionConfigurationPlatforms) = preSolution
		Debug|Any CPU = Debug|Any CPU
		Release|Any CPU = Release|Any CPU
	EndGlobalSection
	GlobalSection(ProjectConfigurationPlatforms) = postSolution
		{A611062D-12CA-4738-BE44-C38774D66FEE}.Debug|Any CPU.ActiveCfg = Debug|Any CPU
		{A611062D-12CA-4738-BE44-C38774D66FEE}.Debug|Any CPU.Build.0 = Debug|Any CPU
		{A611062D-12CA-4738-BE44-C38774D66FEE}.Release|Any CPU.ActiveCfg = Release|Any CPU
		{A611062D-12CA-4738-BE44-C38774D66FEE}.Release|Any CPU.Build.0 = Release|Any CPU
	EndGlobalSection
	GlobalSection(SolutionProperties) = preSolution
		HideSolutionNode = FALSE
	EndGlobalSection
	GlobalSection(ExtensibilityGlobals) = postSolution
		SolutionGuid = {9276643D-FDB2-46DA-9A54-4150A150D717}
	EndGlobalSection
EndGlobal
